
Microsoft Visual Studio Solution File, Format Version 12.00
# Visual Studio Version 17
VisualStudioVersion = 17.5.33516.290
MinimumVisualStudioVersion = 10.0.40219.1
Project("{FAE04EC0-301F-11D3-BF4B-00C04F79EFBC}") = "task-management", "task-management.csproj", "{5B646C36-6935-4B91-844A-3BADB10F27EE}"
EndProject
Global
	GlobalSection(SolutionConfigurationPlatforms) = preSolution
		Debug|Any CPU = Debug|Any CPU
		Release|Any CPU = Release|Any CPU
	EndGlobalSection
	GlobalSection(ProjectConfigurationPlatforms) = postSolution
		{5B646C36-6935-4B91-844A-3BADB10F27EE}.Debug|Any CPU.ActiveCfg = Debug|Any CPU
		{5B646C36-6935-4B91-844A-3BADB10F27EE}.Debug|Any CPU.Build.0 = Debug|Any CPU
		{5B646C36-6935-4B91-844A-3BADB10F27EE}.Release|Any CPU.ActiveCfg = Release|Any CPU
		{5B646C36-6935-4B91-844A-3BADB10F27EE}.Release|Any CPU.Build.0 = Release|Any CPU
	EndGlobalSection
	GlobalSection(SolutionProperties) = preSolution
		HideSolutionNode = FALSE
	EndGlobalSection
	GlobalSection(ExtensibilityGlobals) = postSolution
		SolutionGuid = {36DB8369-C22F-40D6-8B14-54D8AC8208A1}
	EndGlobalSection
EndGlobal
